
Microsoft Visual Studio Solution File, Format Version 12.00
# Visual Studio 15
VisualStudioVersion = 15.0.28307.960
MinimumVisualStudioVersion = 10.0.40219.1
Project("{9A19103F-16F7-4668-BE54-9A1E7A4F7556}") = "ProductMicroservice", "ProductMicroservice\ProductMicroservice.csproj", "{E2835027-EECC-4FAC-85B3-30E4178B31E4}"
EndProject
Project("{2150E333-8FDC-42A3-9474-1A3956D46DE8}") = "Web Applications", "Web Applications", "{7B85D5E9-6A3A-4B12-B58D-5F637F2C5B72}"
EndProject
Project("{2150E333-8FDC-42A3-9474-1A3956D46DE8}") = "API Gateway", "API Gateway", "{5DE4C288-62B1-4FC7-B2E1-6E4B493C92C9}"
EndProject
Project("{2150E333-8FDC-42A3-9474-1A3956D46DE8}") = "Microservices", "Microservices", "{CA4CE297-1C7F-47A5-80E7-0F564B8DD07F}"
EndProject
Project("{2150E333-8FDC-42A3-9474-1A3956D46DE8}") = "Product", "Product", "{7B06B1FD-1258-40D5-93D7-E79F9BBB9969}"
EndProject
Project("{2150E333-8FDC-42A3-9474-1A3956D46DE8}") = "Support", "Support", "{603EDE65-99E6-48E4-8F42-A41353A5C5E0}"
EndProject
Project("{2150E333-8FDC-42A3-9474-1A3956D46DE8}") = "Customer", "Customer", "{AFF574E7-37A9-4E57-8818-56D8FA233542}"
EndProject
Project("{9A19103F-16F7-4668-BE54-9A1E7A4F7556}") = "CustomersAPIServices", "CustomerMicroservice\CustomersAPIServices.csproj", "{250B1C3A-8A4D-4B6A-88C0-1DA2C07A443C}"
EndProject
Project("{9A19103F-16F7-4668-BE54-9A1E7A4F7556}") = "IdentityService", "IdentityService\IdentityService.csproj", "{6EC1A1DF-25C0-4871-8069-8D00E02E896D}"
EndProject
Project("{9A19103F-16F7-4668-BE54-9A1E7A4F7556}") = "Gateway.WebApi", "Gateway.WebApi\Gateway.WebApi.csproj", "{CC78AC54-70D4-4D9C-A4AC-C81ED1C49E61}"
EndProject
Project("{9A19103F-16F7-4668-BE54-9A1E7A4F7556}") = "AuthorizationService", "AuthorizationService\AuthorizationService.csproj", "{3135B5A8-31CB-4BCA-A08B-4A3BE8A60543}"
EndProject
Project("{9A19103F-16F7-4668-BE54-9A1E7A4F7556}") = "FrontEndMVCApp", "FrontEndMVCApp\FrontEndMVCApp.csproj", "{F87FDEB7-07B8-4E17-B9D6-D10FB72DC0A6}"
EndProject
Project("{9A19103F-16F7-4668-BE54-9A1E7A4F7556}") = "AuthPolicyService", "AuthPolicyService\AuthPolicyService.csproj", "{C716E1B0-DF72-4FC5-8FB6-CD2F25C1D58E}"
EndProject
Global
	GlobalSection(SolutionConfigurationPlatforms) = preSolution
		Debug|Any CPU = Debug|Any CPU
		Release|Any CPU = Release|Any CPU
	EndGlobalSection
	GlobalSection(ProjectConfigurationPlatforms) = postSolution
		{E2835027-EECC-4FAC-85B3-30E4178B31E4}.Debug|Any CPU.ActiveCfg = Debug|Any CPU
		{E2835027-EECC-4FAC-85B3-30E4178B31E4}.Debug|Any CPU.Build.0 = Debug|Any CPU
		{E2835027-EECC-4FAC-85B3-30E4178B31E4}.Release|Any CPU.ActiveCfg = Release|Any CPU
		{E2835027-EECC-4FAC-85B3-30E4178B31E4}.Release|Any CPU.Build.0 = Release|Any CPU
		{250B1C3A-8A4D-4B6A-88C0-1DA2C07A443C}.Debug|Any CPU.ActiveCfg = Debug|Any CPU
		{250B1C3A-8A4D-4B6A-88C0-1DA2C07A443C}.Debug|Any CPU.Build.0 = Debug|Any CPU
		{250B1C3A-8A4D-4B6A-88C0-1DA2C07A443C}.Release|Any CPU.ActiveCfg = Release|Any CPU
		{250B1C3A-8A4D-4B6A-88C0-1DA2C07A443C}.Release|Any CPU.Build.0 = Release|Any CPU
		{6EC1A1DF-25C0-4871-8069-8D00E02E896D}.Debug|Any CPU.ActiveCfg = Debug|Any CPU
		{6EC1A1DF-25C0-4871-8069-8D00E02E896D}.Debug|Any CPU.Build.0 = Debug|Any CPU
		{6EC1A1DF-25C0-4871-8069-8D00E02E896D}.Release|Any CPU.ActiveCfg = Release|Any CPU
		{6EC1A1DF-25C0-4871-8069-8D00E02E896D}.Release|Any CPU.Build.0 = Release|Any CPU
		{CC78AC54-70D4-4D9C-A4AC-C81ED1C49E61}.Debug|Any CPU.ActiveCfg = Debug|Any CPU
		{CC78AC54-70D4-4D9C-A4AC-C81ED1C49E61}.Debug|Any CPU.Build.0 = Debug|Any CPU
		{CC78AC54-70D4-4D9C-A4AC-C81ED1C49E61}.Release|Any CPU.ActiveCfg = Release|Any CPU
		{CC78AC54-70D4-4D9C-A4AC-C81ED1C49E61}.Release|Any CPU.Build.0 = Release|Any CPU
		{3135B5A8-31CB-4BCA-A08B-4A3BE8A60543}.Debug|Any CPU.ActiveCfg = Debug|Any CPU
		{3135B5A8-31CB-4BCA-A08B-4A3BE8A60543}.Debug|Any CPU.Build.0 = Debug|Any CPU
		{3135B5A8-31CB-4BCA-A08B-4A3BE8A60543}.Release|Any CPU.ActiveCfg = Release|Any CPU
		{3135B5A8-31CB-4BCA-A08B-4A3BE8A60543}.Release|Any CPU.Build.0 = Release|Any CPU
		{F87FDEB7-07B8-4E17-B9D6-D10FB72DC0A6}.Debug|Any CPU.ActiveCfg = Debug|Any CPU
		{F87FDEB7-07B8-4E17-B9D6-D10FB72DC0A6}.Debug|Any CPU.Build.0 = Debug|Any CPU
		{F87FDEB7-07B8-4E17-B9D6-D10FB72DC0A6}.Release|Any CPU.ActiveCfg = Release|Any CPU
		{F87FDEB7-07B8-4E17-B9D6-D10FB72DC0A6}.Release|Any CPU.Build.0 = Release|Any CPU
		{C716E1B0-DF72-4FC5-8FB6-CD2F25C1D58E}.Debug|Any CPU.ActiveCfg = Debug|Any CPU
		{C716E1B0-DF72-4FC5-8FB6-CD2F25C1D58E}.Debug|Any CPU.Build.0 = Debug|Any CPU
		{C716E1B0-DF72-4FC5-8FB6-CD2F25C1D58E}.Release|Any CPU.ActiveCfg = Release|Any CPU
		{C716E1B0-DF72-4FC5-8FB6-CD2F25C1D58E}.Release|Any CPU.Build.0 = Release|Any CPU
	EndGlobalSection
	GlobalSection(SolutionProperties) = preSolution
		HideSolutionNode = FALSE
	EndGlobalSection
	GlobalSection(NestedProjects) = preSolution
		{E2835027-EECC-4FAC-85B3-30E4178B31E4} = {7B06B1FD-1258-40D5-93D7-E79F9BBB9969}
		{7B06B1FD-1258-40D5-93D7-E79F9BBB9969} = {CA4CE297-1C7F-47A5-80E7-0F564B8DD07F}
		{AFF574E7-37A9-4E57-8818-56D8FA233542} = {CA4CE297-1C7F-47A5-80E7-0F564B8DD07F}
		{250B1C3A-8A4D-4B6A-88C0-1DA2C07A443C} = {AFF574E7-37A9-4E57-8818-56D8FA233542}
		{6EC1A1DF-25C0-4871-8069-8D00E02E896D} = {603EDE65-99E6-48E4-8F42-A41353A5C5E0}
		{CC78AC54-70D4-4D9C-A4AC-C81ED1C49E61} = {5DE4C288-62B1-4FC7-B2E1-6E4B493C92C9}
		{3135B5A8-31CB-4BCA-A08B-4A3BE8A60543} = {603EDE65-99E6-48E4-8F42-A41353A5C5E0}
		{F87FDEB7-07B8-4E17-B9D6-D10FB72DC0A6} = {7B85D5E9-6A3A-4B12-B58D-5F637F2C5B72}
		{C716E1B0-DF72-4FC5-8FB6-CD2F25C1D58E} = {603EDE65-99E6-48E4-8F42-A41353A5C5E0}
	EndGlobalSection
	GlobalSection(ExtensibilityGlobals) = postSolution
		SolutionGuid = {EA93C005-02EB-48FD-8D4D-E22F954FDFE4}
	EndGlobalSection
EndGlobal
